
Microsoft Visual Studio Solution File, Format Version 12.00
# Visual Studio 15
VisualStudioVersion = 15.0.28010.2019
MinimumVisualStudioVersion = 10.0.40219.1
Project("{8BC9CEB8-8B4A-11D0-8D11-00A0C91BC942}") = "Sound", "Sound\Sound.vcxproj", "{1CDCE717-67DE-41B6-8565-0D5CFFA0CD34}"
EndProject
Global
	GlobalSection(SolutionConfigurationPlatforms) = preSolution
		Debug|x64 = Debug|x64
		Debug|x86 = Debug|x86
		Release|x64 = Release|x64
		Release|x86 = Release|x86
	EndGlobalSection
	GlobalSection(ProjectConfigurationPlatforms) = postSolution
		{1CDCE717-67DE-41B6-8565-0D5CFFA0CD34}.Debug|x64.ActiveCfg = Debug|x64
		{1CDCE717-67DE-41B6-8565-0D5CFFA0CD34}.Debug|x64.Build.0 = Debug|x64
		{1CDCE717-67DE-41B6-8565-0D5CFFA0CD34}.Debug|x86.ActiveCfg = Debug|Win32
		{1CDCE717-67DE-41B6-8565-0D5CFFA0CD34}.Debug|x86.Build.0 = Debug|Win32
		{1CDCE717-67DE-41B6-8565-0D5CFFA0CD34}.Release|x64.ActiveCfg = Release|x64
		{1CDCE717-67DE-41B6-8565-0D5CFFA0CD34}.Release|x64.Build.0 = Release|x64
		{1CDCE717-67DE-41B6-8565-0D5CFFA0CD34}.Release|x86.ActiveCfg = Release|Win32
		{1CDCE717-67DE-41B6-8565-0D5CFFA0CD34}.Release|x86.Build.0 = Release|Win32
	EndGlobalSection
	GlobalSection(SolutionProperties) = preSolution
		HideSolutionNode = FALSE
	EndGlobalSection
	GlobalSection(ExtensibilityGlobals) = postSolution
		SolutionGuid = {209355C0-245D-44FC-966F-11B9E7FAA62B}
	EndGlobalSection
EndGlobal
