<?xml version="1.0" encoding="utf-8"?>
<Project ToolsVersion="4.0" xmlns="http://schemas.microsoft.com/developer/msbuild/2003">
  <ItemGroup>
    <Filter Include="ソース ファイル">
      <UniqueIdentifier>{4FC737F1-C7A5-4376-A066-2A32D752A2FF}</UniqueIdentifier>
      <Extensions>cpp;c;cc;cxx;def;odl;idl;hpj;bat;asm;asmx</Extensions>
    </Filter>
    <Filter Include="ヘッダー ファイル">
      <UniqueIdentifier>{93995380-89BD-4b04-88EB-625FBE52EBFB}</UniqueIdentifier>
      <Extensions>h;hh;hpp;hxx;hm;inl;inc;ipp;xsd</Extensions>
    </Filter>
    <Filter Include="リソース ファイル">
      <UniqueIdentifier>{67DA6AB6-F800-4c08-8B7A-83BB121AAD01}</UniqueIdentifier>
      <Extensions>rc;ico;cur;bmp;dlg;rc2;rct;bin;rgs;gif;jpg;jpeg;jpe;resx;tiff;tif;png;wav;mfcribbon-ms</Extensions>
    </Filter>
    <Filter Include="Application">
      <UniqueIdentifier>{b0bdc03e-d378-43c8-a6df-120634ec9659}</UniqueIdentifier>
    </Filter>
    <Filter Include="Union">
      <UniqueIdentifier>{df33e6f0-75c8-4c1b-8b75-a3fea12ed143}</UniqueIdentifier>
    </Filter>
    <Filter Include="Window">
      <UniqueIdentifier>{c0ae16af-7575-45c5-abf6-e8fdc4c83ce9}</UniqueIdentifier>
    </Filter>
    <Filter Include="Device">
      <UniqueIdentifier>{0341d0ad-9dde-40bd-a9b6-d41bf1d4fe3e}</UniqueIdentifier>
    </Filter>
    <Filter Include="etc">
      <UniqueIdentifier>{9e3c41d4-3b41-4aa6-8a7a-bec1f7e5ef9c}</UniqueIdentifier>
    </Filter>
    <Filter Include="Queue">
      <UniqueIdentifier>{15864622-c00d-4a53-b424-f0dec9643a55}</UniqueIdentifier>
    </Filter>
    <Filter Include="List">
      <UniqueIdentifier>{5b2391c5-3d60-4096-882f-0f3b976b2fdd}</UniqueIdentifier>
    </Filter>
    <Filter Include="Swap">
      <UniqueIdentifier>{c1e3c609-6f84-42d7-b876-087de6cbe85d}</UniqueIdentifier>
    </Filter>
    <Filter Include="RenderTarget">
      <UniqueIdentifier>{2f8b1cdb-e8ca-45bc-87f2-9fb4cfe90d65}</UniqueIdentifier>
    </Filter>
    <Filter Include="Fence">
      <UniqueIdentifier>{1efa4d2a-b068-42b6-8f10-af9bc27f3f42}</UniqueIdentifier>
    </Filter>
  </ItemGroup>
  <ItemGroup>
    <ClCompile Include="Main.cpp">
      <Filter>ソース ファイル</Filter>
    </ClCompile>
    <ClCompile Include="Application\Application.cpp">
      <Filter>Application</Filter>
    </ClCompile>
    <ClCompile Include="Window\Window.cpp">
      <Filter>Window</Filter>
    </ClCompile>
    <ClCompile Include="Application\Device\Device.cpp">
      <Filter>Device</Filter>
    </ClCompile>
    <ClCompile Include="Application\Queue\Queue.cpp">
      <Filter>Queue</Filter>
    </ClCompile>
    <ClCompile Include="Application\List\List.cpp">
      <Filter>List</Filter>
    </ClCompile>
    <ClCompile Include="Application\Swap\Swap.cpp">
      <Filter>Swap</Filter>
    </ClCompile>
    <ClCompile Include="Application\Render\Render.cpp">
      <Filter>RenderTarget</Filter>
    </ClCompile>
    <ClCompile Include="Application\Fence\Fence.cpp">
      <Filter>Fence</Filter>
    </ClCompile>
  </ItemGroup>
  <ItemGroup>
    <ClInclude Include="Application\Application.h">
      <Filter>Application</Filter>
    </ClInclude>
    <ClInclude Include="Window\Window.h">
      <Filter>Window</Filter>
    </ClInclude>
    <ClInclude Include="Application\Release.h">
      <Filter>Application</Filter>
    </ClInclude>
    <ClInclude Include="Application\Device\Device.h">
      <Filter>Device</Filter>
    </ClInclude>
    <ClInclude Include="Vector2\Vector2.h">
      <Filter>etc</Filter>
    </ClInclude>
    <ClInclude Include="Application\Queue\Queue.h">
      <Filter>Queue</Filter>
    </ClInclude>
    <ClInclude Include="Application\List\List.h">
      <Filter>List</Filter>
    </ClInclude>
    <ClInclude Include="Application\Swap\Swap.h">
      <Filter>Swap</Filter>
    </ClInclude>
    <ClInclude Include="Application\Render\Render.h">
      <Filter>RenderTarget</Filter>
    </ClInclude>
    <ClInclude Include="Application\Fence\Fence.h">
      <Filter>Fence</Filter>
    </ClInclude>
  </ItemGroup>
</Project>