<?xml version="1.0" encoding="utf-8"?>
<Project ToolsVersion="4.0" xmlns="http://schemas.microsoft.com/developer/msbuild/2003">
  <ItemGroup>
    <Filter Include="ソース ファイル">
      <UniqueIdentifier>{4FC737F1-C7A5-4376-A066-2A32D752A2FF}</UniqueIdentifier>
      <Extensions>cpp;c;cc;cxx;def;odl;idl;hpj;bat;asm;asmx</Extensions>
    </Filter>
    <Filter Include="ヘッダー ファイル">
      <UniqueIdentifier>{93995380-89BD-4b04-88EB-625FBE52EBFB}</UniqueIdentifier>
      <Extensions>h;hh;hpp;hxx;hm;inl;inc;ipp;xsd</Extensions>
    </Filter>
    <Filter Include="リソース ファイル">
      <UniqueIdentifier>{67DA6AB6-F800-4c08-8B7A-83BB121AAD01}</UniqueIdentifier>
      <Extensions>rc;ico;cur;bmp;dlg;rc2;rct;bin;rgs;gif;jpg;jpeg;jpe;resx;tiff;tif;png;wav;mfcribbon-ms</Extensions>
    </Filter>
    <Filter Include="Sound">
      <UniqueIdentifier>{79e9e3ea-57db-4be0-acb5-af2f77f6d5ce}</UniqueIdentifier>
    </Filter>
    <Filter Include="Sound\XAudio2">
      <UniqueIdentifier>{69146221-7969-4695-a503-6eaf40fae497}</UniqueIdentifier>
    </Filter>
    <Filter Include="Sound\SoundLoader">
      <UniqueIdentifier>{b1910014-5f9e-4342-9d27-9fa2afc5e612}</UniqueIdentifier>
    </Filter>
    <Filter Include="Sound\SoundFunc">
      <UniqueIdentifier>{31fac818-51ac-4869-aa2f-5efb1550fb86}</UniqueIdentifier>
    </Filter>
    <Filter Include="Device">
      <UniqueIdentifier>{678ca880-d967-4369-8034-ccbb9fb09c82}</UniqueIdentifier>
    </Filter>
    <Filter Include="List">
      <UniqueIdentifier>{fa59dd4d-8d5f-4fb6-986b-8723e21203eb}</UniqueIdentifier>
    </Filter>
    <Filter Include="Queue">
      <UniqueIdentifier>{60cc75f1-4da1-4509-89aa-5aa105b799e6}</UniqueIdentifier>
    </Filter>
    <Filter Include="Pipeline">
      <UniqueIdentifier>{a3c0a698-1278-41c8-bccc-90c92c8a9a80}</UniqueIdentifier>
    </Filter>
    <Filter Include="Rootsignature">
      <UniqueIdentifier>{4c9a2217-37bc-4717-b0d5-0911beb772f5}</UniqueIdentifier>
    </Filter>
    <Filter Include="Effector">
      <UniqueIdentifier>{13b6fac8-dec6-4de0-ab53-8961eed0a3bd}</UniqueIdentifier>
    </Filter>
  </ItemGroup>
  <ItemGroup>
    <ClCompile Include="Main.cpp">
      <Filter>ソース ファイル</Filter>
    </ClCompile>
    <ClCompile Include="Sound\XAudio2\XAudio2.cpp">
      <Filter>Sound\XAudio2</Filter>
    </ClCompile>
    <ClCompile Include="Sound\SoundLoader\SoundLoader.cpp">
      <Filter>Sound\SoundLoader</Filter>
    </ClCompile>
    <ClCompile Include="Sound\SoundFunc\SoundFunc.cpp">
      <Filter>Sound\SoundFunc</Filter>
    </ClCompile>
    <ClCompile Include="Sound\Sound.cpp">
      <Filter>Sound</Filter>
    </ClCompile>
    <ClCompile Include="Device\Device.cpp">
      <Filter>Device</Filter>
    </ClCompile>
    <ClCompile Include="List\List.cpp">
      <Filter>List</Filter>
    </ClCompile>
    <ClCompile Include="Queue\Queue.cpp">
      <Filter>Queue</Filter>
    </ClCompile>
    <ClCompile Include="PIpe\Pipe.cpp">
      <Filter>Pipeline</Filter>
    </ClCompile>
    <ClCompile Include="Root\Root.cpp">
      <Filter>Rootsignature</Filter>
    </ClCompile>
    <ClCompile Include="Effector\Effector.cpp">
      <Filter>Effector</Filter>
    </ClCompile>
  </ItemGroup>
  <ItemGroup>
    <ClInclude Include="Sound\Destroy.h">
      <Filter>Sound</Filter>
    </ClInclude>
    <ClInclude Include="Sound\XAudio2\XAudio2.h">
      <Filter>Sound\XAudio2</Filter>
    </ClInclude>
    <ClInclude Include="Sound\SoundLoader\SoundLoader.h">
      <Filter>Sound\SoundLoader</Filter>
    </ClInclude>
    <ClInclude Include="Sound\SoundFunc\SoundFunc.h">
      <Filter>Sound\SoundFunc</Filter>
    </ClInclude>
    <ClInclude Include="Sound\Sound.h">
      <Filter>Sound</Filter>
    </ClInclude>
    <ClInclude Include="Sound\XAudio2\VoiceCallback.h">
      <Filter>Sound\XAudio2</Filter>
    </ClInclude>
    <ClInclude Include="Device\Device.h">
      <Filter>Device</Filter>
    </ClInclude>
    <ClInclude Include="Release.h">
      <Filter>ヘッダー ファイル</Filter>
    </ClInclude>
    <ClInclude Include="List\List.h">
      <Filter>List</Filter>
    </ClInclude>
    <ClInclude Include="Queue\Queue.h">
      <Filter>Queue</Filter>
    </ClInclude>
    <ClInclude Include="PIpe\Pipe.h">
      <Filter>Pipeline</Filter>
    </ClInclude>
    <ClInclude Include="Root\Root.h">
      <Filter>Rootsignature</Filter>
    </ClInclude>
    <ClInclude Include="Effector\Effector.h">
      <Filter>Effector</Filter>
    </ClInclude>
  </ItemGroup>
  <ItemGroup>
    <FxCompile Include="Shader\Delay.hlsl">
      <Filter>リソース ファイル</Filter>
    </FxCompile>
  </ItemGroup>
</Project>